
Microsoft Visual Studio Solution File, Format Version 12.00
# Visual Studio 15
VisualStudioVersion = 15.0.28307.168
MinimumVisualStudioVersion = 10.0.40219.1
Project("{FAE04EC0-301F-11D3-BF4B-00C04F79EFBC}") = "C0730319_C0732152", "C0730319_C0732152\C0730319_C0732152.csproj", "{EA92C9C4-3A70-4615-B7FA-12AAF0D6E8A9}"
EndProject
Global
	GlobalSection(SolutionConfigurationPlatforms) = preSolution
		Debug|Any CPU = Debug|Any CPU
		Release|Any CPU = Release|Any CPU
	EndGlobalSection
	GlobalSection(ProjectConfigurationPlatforms) = postSolution
		{EA92C9C4-3A70-4615-B7FA-12AAF0D6E8A9}.Debug|Any CPU.ActiveCfg = Debug|Any CPU
		{EA92C9C4-3A70-4615-B7FA-12AAF0D6E8A9}.Debug|Any CPU.Build.0 = Debug|Any CPU
		{EA92C9C4-3A70-4615-B7FA-12AAF0D6E8A9}.Release|Any CPU.ActiveCfg = Release|Any CPU
		{EA92C9C4-3A70-4615-B7FA-12AAF0D6E8A9}.Release|Any CPU.Build.0 = Release|Any CPU
	EndGlobalSection
	GlobalSection(SolutionProperties) = preSolution
		HideSolutionNode = FALSE
	EndGlobalSection
	GlobalSection(ExtensibilityGlobals) = postSolution
		SolutionGuid = {E17EDD95-2E39-4A8E-B854-3BD0A1D7FA78}
	EndGlobalSection
EndGlobal
